
Microsoft Visual Studio Solution File, Format Version 12.00
# Visual Studio Version 17
VisualStudioVersion = 17.14.36518.9
MinimumVisualStudioVersion = 10.0.40219.1
Project("{FAE04EC0-301F-11D3-BF4B-00C04F79EFBC}") = "Core.API.Clean.AdditionalService", "Core.API.Clean.AdditionalService\Core.API.Clean.AdditionalService.csproj", "{68C67C89-D1E8-4074-B613-49FBA57A6FDC}"
EndProject
Project("{2150E333-8FDC-42A3-9474-1A3956D46DE8}") = "NOTES", "NOTES", "{02EA681E-C7D8-13C7-8484-4AC65E1B71E8}"
	ProjectSection(SolutionItems) = preProject
		NOTES\Git.txt = NOTES\Git.txt
		NOTES\Packages.txt = NOTES\Packages.txt
		README.md = README.md
	EndProjectSection
EndProject
Project("{FAE04EC0-301F-11D3-BF4B-00C04F79EFBC}") = "Core.API.AdditionalServiceLibrary", "Core.API.AdditionalServiceLibrary\Core.API.AdditionalServiceLibrary.csproj", "{AB12DCE3-1BA0-4555-8D12-C81E05C189CE}"
EndProject
Global
	GlobalSection(SolutionConfigurationPlatforms) = preSolution
		Debug|Any CPU = Debug|Any CPU
		Release|Any CPU = Release|Any CPU
	EndGlobalSection
	GlobalSection(ProjectConfigurationPlatforms) = postSolution
		{68C67C89-D1E8-4074-B613-49FBA57A6FDC}.Debug|Any CPU.ActiveCfg = Debug|Any CPU
		{68C67C89-D1E8-4074-B613-49FBA57A6FDC}.Debug|Any CPU.Build.0 = Debug|Any CPU
		{68C67C89-D1E8-4074-B613-49FBA57A6FDC}.Release|Any CPU.ActiveCfg = Release|Any CPU
		{68C67C89-D1E8-4074-B613-49FBA57A6FDC}.Release|Any CPU.Build.0 = Release|Any CPU
		{AB12DCE3-1BA0-4555-8D12-C81E05C189CE}.Debug|Any CPU.ActiveCfg = Debug|Any CPU
		{AB12DCE3-1BA0-4555-8D12-C81E05C189CE}.Debug|Any CPU.Build.0 = Debug|Any CPU
		{AB12DCE3-1BA0-4555-8D12-C81E05C189CE}.Release|Any CPU.ActiveCfg = Release|Any CPU
		{AB12DCE3-1BA0-4555-8D12-C81E05C189CE}.Release|Any CPU.Build.0 = Release|Any CPU
	EndGlobalSection
	GlobalSection(SolutionProperties) = preSolution
		HideSolutionNode = FALSE
	EndGlobalSection
	GlobalSection(ExtensibilityGlobals) = postSolution
		SolutionGuid = {6DEEFA3F-0DD5-4734-BEF8-6A4E2DD204EC}
	EndGlobalSection
EndGlobal
